
Microsoft Visual Studio Solution File, Format Version 12.00
# Visual Studio Version 16
VisualStudioVersion = 16.0.31624.102
MinimumVisualStudioVersion = 10.0.40219.1
Project("{FAE04EC0-301F-11D3-BF4B-00C04F79EFBC}") = "DesafiosCodigoCSharpDio", "DesafiosCodigoCSharpDio\DesafiosCodigoCSharpDio.csproj", "{F7A00D81-D30D-4012-A6F4-53A46B551A46}"
EndProject
Global
	GlobalSection(SolutionConfigurationPlatforms) = preSolution
		Debug|Any CPU = Debug|Any CPU
		Release|Any CPU = Release|Any CPU
	EndGlobalSection
	GlobalSection(ProjectConfigurationPlatforms) = postSolution
		{F7A00D81-D30D-4012-A6F4-53A46B551A46}.Debug|Any CPU.ActiveCfg = Debug|Any CPU
		{F7A00D81-D30D-4012-A6F4-53A46B551A46}.Debug|Any CPU.Build.0 = Debug|Any CPU
		{F7A00D81-D30D-4012-A6F4-53A46B551A46}.Release|Any CPU.ActiveCfg = Release|Any CPU
		{F7A00D81-D30D-4012-A6F4-53A46B551A46}.Release|Any CPU.Build.0 = Release|Any CPU
	EndGlobalSection
	GlobalSection(SolutionProperties) = preSolution
		HideSolutionNode = FALSE
	EndGlobalSection
	GlobalSection(ExtensibilityGlobals) = postSolution
		SolutionGuid = {C072AF97-5BCF-47BD-B232-40A73AEB14AA}
	EndGlobalSection
EndGlobal
